// !$*UTF8*$!
{
	archiveVersion = 1;
	classes = {
	};
	objectVersion = 51;
	objects = {

/* Begin PBXBuildFile section */
		00D03EC5247E38CE005F82A0 /* RecordViewModel.swift in Sources */ = {isa = PBXBuildFile; fileRef = 00D03EC4247E38CE005F82A0 /* RecordViewModel.swift */; };
		00D03EC7247E3961005F82A0 /* GameHandler.swift in Sources */ = {isa = PBXBuildFile; fileRef = 00D03EC6247E3961005F82A0 /* GameHandler.swift */; };
		00D03EC9247E3996005F82A0 /* RecordResponse.swift in Sources */ = {isa = PBXBuildFile; fileRef = 00D03EC8247E3996005F82A0 /* RecordResponse.swift */; };
		00DD492E2474AF32003E86B1 /* AppDelegate.swift in Sources */ = {isa = PBXBuildFile; fileRef = 00DD492D2474AF32003E86B1 /* AppDelegate.swift */; };
		00DD49302474AF32003E86B1 /* SceneDelegate.swift in Sources */ = {isa = PBXBuildFile; fileRef = 00DD492F2474AF32003E86B1 /* SceneDelegate.swift */; };
		00DD49322474AF32003E86B1 /* ContentView.swift in Sources */ = {isa = PBXBuildFile; fileRef = 00DD49312474AF32003E86B1 /* ContentView.swift */; };
		00DD49342474AF36003E86B1 /* Assets.xcassets in Resources */ = {isa = PBXBuildFile; fileRef = 00DD49332474AF36003E86B1 /* Assets.xcassets */; };
		00DD49372474AF36003E86B1 /* Preview Assets.xcassets in Resources */ = {isa = PBXBuildFile; fileRef = 00DD49362474AF36003E86B1 /* Preview Assets.xcassets */; };
		00DD493A2474AF36003E86B1 /* LaunchScreen.storyboard in Resources */ = {isa = PBXBuildFile; fileRef = 00DD49382474AF36003E86B1 /* LaunchScreen.storyboard */; };
		00DD49432474B733003E86B1 /* LoginView.swift in Sources */ = {isa = PBXBuildFile; fileRef = 00DD49422474B733003E86B1 /* LoginView.swift */; };
		00DD49462474B79E003E86B1 /* LoginViewModel.swift in Sources */ = {isa = PBXBuildFile; fileRef = 00DD49452474B79E003E86B1 /* LoginViewModel.swift */; };
		00DD49492474B80F003E86B1 /* LoginHandler.swift in Sources */ = {isa = PBXBuildFile; fileRef = 00DD49482474B80F003E86B1 /* LoginHandler.swift */; };
		00DD494B2474B867003E86B1 /* ApiHandler.swift in Sources */ = {isa = PBXBuildFile; fileRef = 00DD494A2474B867003E86B1 /* ApiHandler.swift */; };
		00DD49502474B8F0003E86B1 /* DetailView.swift in Sources */ = {isa = PBXBuildFile; fileRef = 00DD494F2474B8F0003E86B1 /* DetailView.swift */; };
		00DD49532474B92D003E86B1 /* TextFields.swift in Sources */ = {isa = PBXBuildFile; fileRef = 00DD49522474B92D003E86B1 /* TextFields.swift */; };
		00DD49552474B958003E86B1 /* LoadingView.swift in Sources */ = {isa = PBXBuildFile; fileRef = 00DD49542474B958003E86B1 /* LoadingView.swift */; };
		00DD49572474B977003E86B1 /* LoadingIndicator.swift in Sources */ = {isa = PBXBuildFile; fileRef = 00DD49562474B977003E86B1 /* LoadingIndicator.swift */; };
		11BB60B55C49D1DA87267303 /* Pods_Corntinental.framework in Frameworks */ = {isa = PBXBuildFile; fileRef = 0B1FB86F268868D43891DAC3 /* Pods_Corntinental.framework */; };
/* End PBXBuildFile section */

/* Begin PBXFileReference section */
		00D03EC4247E38CE005F82A0 /* RecordViewModel.swift */ = {isa = PBXFileReference; lastKnownFileType = sourcecode.swift; path = RecordViewModel.swift; sourceTree = "<group>"; };
		00D03EC6247E3961005F82A0 /* GameHandler.swift */ = {isa = PBXFileReference; lastKnownFileType = sourcecode.swift; path = GameHandler.swift; sourceTree = "<group>"; };
		00D03EC8247E3996005F82A0 /* RecordResponse.swift */ = {isa = PBXFileReference; lastKnownFileType = sourcecode.swift; path = RecordResponse.swift; sourceTree = "<group>"; };
		00DD492A2474AF32003E86B1 /* Corntinental.app */ = {isa = PBXFileReference; explicitFileType = wrapper.application; includeInIndex = 0; path = Corntinental.app; sourceTree = BUILT_PRODUCTS_DIR; };
		00DD492D2474AF32003E86B1 /* AppDelegate.swift */ = {isa = PBXFileReference; lastKnownFileType = sourcecode.swift; path = AppDelegate.swift; sourceTree = "<group>"; };
		00DD492F2474AF32003E86B1 /* SceneDelegate.swift */ = {isa = PBXFileReference; lastKnownFileType = sourcecode.swift; path = SceneDelegate.swift; sourceTree = "<group>"; };
		00DD49312474AF32003E86B1 /* ContentView.swift */ = {isa = PBXFileReference; lastKnownFileType = sourcecode.swift; path = ContentView.swift; sourceTree = "<group>"; };
		00DD49332474AF36003E86B1 /* Assets.xcassets */ = {isa = PBXFileReference; lastKnownFileType = folder.assetcatalog; path = Assets.xcassets; sourceTree = "<group>"; };
		00DD49362474AF36003E86B1 /* Preview Assets.xcassets */ = {isa = PBXFileReference; lastKnownFileType = folder.assetcatalog; path = "Preview Assets.xcassets"; sourceTree = "<group>"; };
		00DD49392474AF36003E86B1 /* Base */ = {isa = PBXFileReference; lastKnownFileType = file.storyboard; name = Base; path = Base.lproj/LaunchScreen.storyboard; sourceTree = "<group>"; };
		00DD493B2474AF36003E86B1 /* Info.plist */ = {isa = PBXFileReference; lastKnownFileType = text.plist.xml; path = Info.plist; sourceTree = "<group>"; };
		00DD49422474B733003E86B1 /* LoginView.swift */ = {isa = PBXFileReference; lastKnownFileType = sourcecode.swift; path = LoginView.swift; sourceTree = "<group>"; };
		00DD49452474B79E003E86B1 /* LoginViewModel.swift */ = {isa = PBXFileReference; lastKnownFileType = sourcecode.swift; path = LoginViewModel.swift; sourceTree = "<group>"; };
		00DD49482474B80F003E86B1 /* LoginHandler.swift */ = {isa = PBXFileReference; lastKnownFileType = sourcecode.swift; path = LoginHandler.swift; sourceTree = "<group>"; };
		00DD494A2474B867003E86B1 /* ApiHandler.swift */ = {isa = PBXFileReference; lastKnownFileType = sourcecode.swift; path = ApiHandler.swift; sourceTree = "<group>"; };
		00DD494F2474B8F0003E86B1 /* DetailView.swift */ = {isa = PBXFileReference; lastKnownFileType = sourcecode.swift; path = DetailView.swift; sourceTree = "<group>"; };
		00DD49522474B92D003E86B1 /* TextFields.swift */ = {isa = PBXFileReference; lastKnownFileType = sourcecode.swift; path = TextFields.swift; sourceTree = "<group>"; };
		00DD49542474B958003E86B1 /* LoadingView.swift */ = {isa = PBXFileReference; lastKnownFileType = sourcecode.swift; path = LoadingView.swift; sourceTree = "<group>"; };
		00DD49562474B977003E86B1 /* LoadingIndicator.swift */ = {isa = PBXFileReference; lastKnownFileType = sourcecode.swift; path = LoadingIndicator.swift; sourceTree = "<group>"; };
		0B1FB86F268868D43891DAC3 /* Pods_Corntinental.framework */ = {isa = PBXFileReference; explicitFileType = wrapper.framework; includeInIndex = 0; path = Pods_Corntinental.framework; sourceTree = BUILT_PRODUCTS_DIR; };
		5EDDC97F2B0280BBE139002A /* Pods-Corntinental.release.xcconfig */ = {isa = PBXFileReference; includeInIndex = 1; lastKnownFileType = text.xcconfig; name = "Pods-Corntinental.release.xcconfig"; path = "Target Support Files/Pods-Corntinental/Pods-Corntinental.release.xcconfig"; sourceTree = "<group>"; };
		BBF2D7FCD948AB02C1A37409 /* Pods-Corntinental.debug.xcconfig */ = {isa = PBXFileReference; includeInIndex = 1; lastKnownFileType = text.xcconfig; name = "Pods-Corntinental.debug.xcconfig"; path = "Target Support Files/Pods-Corntinental/Pods-Corntinental.debug.xcconfig"; sourceTree = "<group>"; };
/* End PBXFileReference section */

/* Begin PBXFrameworksBuildPhase section */
		00DD49272474AF32003E86B1 /* Frameworks */ = {
			isa = PBXFrameworksBuildPhase;
			buildActionMask = 2147483647;
			files = (
				11BB60B55C49D1DA87267303 /* Pods_Corntinental.framework in Frameworks */,
			);
			runOnlyForDeploymentPostprocessing = 0;
		};
/* End PBXFrameworksBuildPhase section */

/* Begin PBXGroup section */
		00DD49212474AF32003E86B1 = {
			isa = PBXGroup;
			children = (
				00DD492C2474AF32003E86B1 /* Corntinental */,
				00DD492B2474AF32003E86B1 /* Products */,
				12C5D166821873200E07172E /* Pods */,
				920D8FDE793E6DCB29515E3C /* Frameworks */,
			);
			sourceTree = "<group>";
		};
		00DD492B2474AF32003E86B1 /* Products */ = {
			isa = PBXGroup;
			children = (
				00DD492A2474AF32003E86B1 /* Corntinental.app */,
			);
			name = Products;
			sourceTree = "<group>";
		};
		00DD492C2474AF32003E86B1 /* Corntinental */ = {
			isa = PBXGroup;
			children = (
				00DD494C2474B894003E86B1 /* Models */,
				00DD49472474B7FC003E86B1 /* Utilities */,
				00DD49442474B761003E86B1 /* ViewModels */,
				00DD49412474B711003E86B1 /* Views */,
				00DD492D2474AF32003E86B1 /* AppDelegate.swift */,
				00DD492F2474AF32003E86B1 /* SceneDelegate.swift */,
				00DD49312474AF32003E86B1 /* ContentView.swift */,
				00DD49332474AF36003E86B1 /* Assets.xcassets */,
				00DD49382474AF36003E86B1 /* LaunchScreen.storyboard */,
				00DD493B2474AF36003E86B1 /* Info.plist */,
				00DD49352474AF36003E86B1 /* Preview Content */,
			);
			path = Corntinental;
			sourceTree = "<group>";
		};
		00DD49352474AF36003E86B1 /* Preview Content */ = {
			isa = PBXGroup;
			children = (
				00DD49362474AF36003E86B1 /* Preview Assets.xcassets */,
			);
			path = "Preview Content";
			sourceTree = "<group>";
		};
		00DD49412474B711003E86B1 /* Views */ = {
			isa = PBXGroup;
			children = (
				00DD49512474B915003E86B1 /* ReusableViews */,
				00DD49422474B733003E86B1 /* LoginView.swift */,
				00DD494F2474B8F0003E86B1 /* DetailView.swift */,
			);
			path = Views;
			sourceTree = "<group>";
		};
		00DD49442474B761003E86B1 /* ViewModels */ = {
			isa = PBXGroup;
			children = (
				00DD49452474B79E003E86B1 /* LoginViewModel.swift */,
				00D03EC4247E38CE005F82A0 /* RecordViewModel.swift */,
			);
			path = ViewModels;
			sourceTree = "<group>";
		};
		00DD49472474B7FC003E86B1 /* Utilities */ = {
			isa = PBXGroup;
			children = (
				00DD49482474B80F003E86B1 /* LoginHandler.swift */,
				00DD494A2474B867003E86B1 /* ApiHandler.swift */,
				00D03EC6247E3961005F82A0 /* GameHandler.swift */,
			);
			path = Utilities;
			sourceTree = "<group>";
		};
		00DD494C2474B894003E86B1 /* Models */ = {
			isa = PBXGroup;
			children = (
				00D03EC8247E3996005F82A0 /* RecordResponse.swift */,
			);
			path = Models;
			sourceTree = "<group>";
		};
		00DD49512474B915003E86B1 /* ReusableViews */ = {
			isa = PBXGroup;
			children = (
				00DD49522474B92D003E86B1 /* TextFields.swift */,
				00DD49542474B958003E86B1 /* LoadingView.swift */,
				00DD49562474B977003E86B1 /* LoadingIndicator.swift */,
			);
			path = ReusableViews;
			sourceTree = "<group>";
		};
		12C5D166821873200E07172E /* Pods */ = {
			isa = PBXGroup;
			children = (
				BBF2D7FCD948AB02C1A37409 /* Pods-Corntinental.debug.xcconfig */,
				5EDDC97F2B0280BBE139002A /* Pods-Corntinental.release.xcconfig */,
			);
			path = Pods;
			sourceTree = "<group>";
		};
		920D8FDE793E6DCB29515E3C /* Frameworks */ = {
			isa = PBXGroup;
			children = (
				0B1FB86F268868D43891DAC3 /* Pods_Corntinental.framework */,
			);
			name = Frameworks;
			sourceTree = "<group>";
		};
/* End PBXGroup section */

/* Begin PBXNativeTarget section */
		00DD49292474AF32003E86B1 /* Corntinental */ = {
			isa = PBXNativeTarget;
			buildConfigurationList = 00DD493E2474AF36003E86B1 /* Build configuration list for PBXNativeTarget "Corntinental" */;
			buildPhases = (
				94AC2EA14DF7CF28E4C2A7A8 /* [CP] Check Pods Manifest.lock */,
				00DD49262474AF32003E86B1 /* Sources */,
				00DD49272474AF32003E86B1 /* Frameworks */,
				00DD49282474AF32003E86B1 /* Resources */,
				3B3D3D78E77E2B53FCA4495C /* [CP] Embed Pods Frameworks */,
			);
			buildRules = (
			);
			dependencies = (
			);
			name = Corntinental;
			productName = Corntinental;
			productReference = 00DD492A2474AF32003E86B1 /* Corntinental.app */;
			productType = "com.apple.product-type.application";
		};
/* End PBXNativeTarget section */

/* Begin PBXProject section */
		00DD49222474AF32003E86B1 /* Project object */ = {
			isa = PBXProject;
			attributes = {
				LastSwiftUpdateCheck = 1130;
				LastUpgradeCheck = 1130;
				ORGANIZATIONNAME = "Daniel Aguilera";
				TargetAttributes = {
					00DD49292474AF32003E86B1 = {
						CreatedOnToolsVersion = 11.3.1;
					};
				};
			};
			buildConfigurationList = 00DD49252474AF32003E86B1 /* Build configuration list for PBXProject "Corntinental" */;
			compatibilityVersion = "Xcode 9.3";
			developmentRegion = en;
			hasScannedForEncodings = 0;
			knownRegions = (
				en,
				Base,
			);
			mainGroup = 00DD49212474AF32003E86B1;
			productRefGroup = 00DD492B2474AF32003E86B1 /* Products */;
			projectDirPath = "";
			projectRoot = "";
			targets = (
				00DD49292474AF32003E86B1 /* Corntinental */,
			);
		};
/* End PBXProject section */

/* Begin PBXResourcesBuildPhase section */
		00DD49282474AF32003E86B1 /* Resources */ = {
			isa = PBXResourcesBuildPhase;
			buildActionMask = 2147483647;
			files = (
				00DD493A2474AF36003E86B1 /* LaunchScreen.storyboard in Resources */,
				00DD49372474AF36003E86B1 /* Preview Assets.xcassets in Resources */,
				00DD49342474AF36003E86B1 /* Assets.xcassets in Resources */,
			);
			runOnlyForDeploymentPostprocessing = 0;
		};
/* End PBXResourcesBuildPhase section */

/* Begin PBXShellScriptBuildPhase section */
		3B3D3D78E77E2B53FCA4495C /* [CP] Embed Pods Frameworks */ = {
			isa = PBXShellScriptBuildPhase;
			buildActionMask = 2147483647;
			files = (
			);
			inputFileListPaths = (
				"${PODS_ROOT}/Target Support Files/Pods-Corntinental/Pods-Corntinental-frameworks-${CONFIGURATION}-input-files.xcfilelist",
			);
			name = "[CP] Embed Pods Frameworks";
			outputFileListPaths = (
				"${PODS_ROOT}/Target Support Files/Pods-Corntinental/Pods-Corntinental-frameworks-${CONFIGURATION}-output-files.xcfilelist",
			);
			runOnlyForDeploymentPostprocessing = 0;
			shellPath = /bin/sh;
			shellScript = "\"${PODS_ROOT}/Target Support Files/Pods-Corntinental/Pods-Corntinental-frameworks.sh\"\n";
			showEnvVarsInLog = 0;
		};
		94AC2EA14DF7CF28E4C2A7A8 /* [CP] Check Pods Manifest.lock */ = {
			isa = PBXShellScriptBuildPhase;
			buildActionMask = 2147483647;
			files = (
			);
			inputFileListPaths = (
			);
			inputPaths = (
				"${PODS_PODFILE_DIR_PATH}/Podfile.lock",
				"${PODS_ROOT}/Manifest.lock",
			);
			name = "[CP] Check Pods Manifest.lock";
			outputFileListPaths = (
			);
			outputPaths = (
				"$(DERIVED_FILE_DIR)/Pods-Corntinental-checkManifestLockResult.txt",
			);
			runOnlyForDeploymentPostprocessing = 0;
			shellPath = /bin/sh;
			shellScript = "diff \"${PODS_PODFILE_DIR_PATH}/Podfile.lock\" \"${PODS_ROOT}/Manifest.lock\" > /dev/null\nif [ $? != 0 ] ; then\n    # print error to STDERR\n    echo \"error: The sandbox is not in sync with the Podfile.lock. Run 'pod install' or update your CocoaPods installation.\" >&2\n    exit 1\nfi\n# This output is used by Xcode 'outputs' to avoid re-running this script phase.\necho \"SUCCESS\" > \"${SCRIPT_OUTPUT_FILE_0}\"\n";
			showEnvVarsInLog = 0;
		};
/* End PBXShellScriptBuildPhase section */

/* Begin PBXSourcesBuildPhase section */
		00DD49262474AF32003E86B1 /* Sources */ = {
			isa = PBXSourcesBuildPhase;
			buildActionMask = 2147483647;
			files = (
				00DD49572474B977003E86B1 /* LoadingIndicator.swift in Sources */,
				00DD49492474B80F003E86B1 /* LoginHandler.swift in Sources */,
				00DD492E2474AF32003E86B1 /* AppDelegate.swift in Sources */,
				00DD49302474AF32003E86B1 /* SceneDelegate.swift in Sources */,
				00DD49552474B958003E86B1 /* LoadingView.swift in Sources */,
				00DD49432474B733003E86B1 /* LoginView.swift in Sources */,
				00DD494B2474B867003E86B1 /* ApiHandler.swift in Sources */,
				00DD49532474B92D003E86B1 /* TextFields.swift in Sources */,
				00D03EC5247E38CE005F82A0 /* RecordViewModel.swift in Sources */,
				00DD49462474B79E003E86B1 /* LoginViewModel.swift in Sources */,
				00D03EC7247E3961005F82A0 /* GameHandler.swift in Sources */,
				00DD49322474AF32003E86B1 /* ContentView.swift in Sources */,
				00D03EC9247E3996005F82A0 /* RecordResponse.swift in Sources */,
				00DD49502474B8F0003E86B1 /* DetailView.swift in Sources */,
			);
			runOnlyForDeploymentPostprocessing = 0;
		};
/* End PBXSourcesBuildPhase section */

/* Begin PBXVariantGroup section */
		00DD49382474AF36003E86B1 /* LaunchScreen.storyboard */ = {
			isa = PBXVariantGroup;
			children = (
				00DD49392474AF36003E86B1 /* Base */,
			);
			name = LaunchScreen.storyboard;
			sourceTree = "<group>";
		};
/* End PBXVariantGroup section */

/* Begin XCBuildConfiguration section */
		00DD493C2474AF36003E86B1 /* Debug */ = {
			isa = XCBuildConfiguration;
			buildSettings = {
				ALWAYS_SEARCH_USER_PATHS = NO;
				CLANG_ANALYZER_NONNULL = YES;
				CLANG_ANALYZER_NUMBER_OBJECT_CONVERSION = YES_AGGRESSIVE;
				CLANG_CXX_LANGUAGE_STANDARD = "gnu++14";
				CLANG_CXX_LIBRARY = "libc++";
				CLANG_ENABLE_MODULES = YES;
				CLANG_ENABLE_OBJC_ARC = YES;
				CLANG_ENABLE_OBJC_WEAK = YES;
				CLANG_WARN_BLOCK_CAPTURE_AUTORELEASING = YES;
				CLANG_WARN_BOOL_CONVERSION = YES;
				CLANG_WARN_COMMA = YES;
				CLANG_WARN_CONSTANT_CONVERSION = YES;
				CLANG_WARN_DEPRECATED_OBJC_IMPLEMENTATIONS = YES;
				CLANG_WARN_DIRECT_OBJC_ISA_USAGE = YES_ERROR;
				CLANG_WARN_DOCUMENTATION_COMMENTS = YES;
				CLANG_WARN_EMPTY_BODY = YES;
				CLANG_WARN_ENUM_CONVERSION = YES;
				CLANG_WARN_INFINITE_RECURSION = YES;
				CLANG_WARN_INT_CONVERSION = YES;
				CLANG_WARN_NON_LITERAL_NULL_CONVERSION = YES;
				CLANG_WARN_OBJC_IMPLICIT_RETAIN_SELF = YES;
				CLANG_WARN_OBJC_LITERAL_CONVERSION = YES;
				CLANG_WARN_OBJC_ROOT_CLASS = YES_ERROR;
				CLANG_WARN_RANGE_LOOP_ANALYSIS = YES;
				CLANG_WARN_STRICT_PROTOTYPES = YES;
				CLANG_WARN_SUSPICIOUS_MOVE = YES;
				CLANG_WARN_UNGUARDED_AVAILABILITY = YES_AGGRESSIVE;
				CLANG_WARN_UNREACHABLE_CODE = YES;
				CLANG_WARN__DUPLICATE_METHOD_MATCH = YES;
				COPY_PHASE_STRIP = NO;
				DEBUG_INFORMATION_FORMAT = dwarf;
				ENABLE_STRICT_OBJC_MSGSEND = YES;
				ENABLE_TESTABILITY = YES;
				GCC_C_LANGUAGE_STANDARD = gnu11;
				GCC_DYNAMIC_NO_PIC = NO;
				GCC_NO_COMMON_BLOCKS = YES;
				GCC_OPTIMIZATION_LEVEL = 0;
				GCC_PREPROCESSOR_DEFINITIONS = (
					"DEBUG=1",
					"$(inherited)",
				);
				GCC_WARN_64_TO_32_BIT_CONVERSION = YES;
				GCC_WARN_ABOUT_RETURN_TYPE = YES_ERROR;
				GCC_WARN_UNDECLARED_SELECTOR = YES;
				GCC_WARN_UNINITIALIZED_AUTOS = YES_AGGRESSIVE;
				GCC_WARN_UNUSED_FUNCTION = YES;
				GCC_WARN_UNUSED_VARIABLE = YES;
				IPHONEOS_DEPLOYMENT_TARGET = 13.2;
				MTL_ENABLE_DEBUG_INFO = INCLUDE_SOURCE;
				MTL_FAST_MATH = YES;
				ONLY_ACTIVE_ARCH = YES;
				SDKROOT = iphoneos;
				SWIFT_ACTIVE_COMPILATION_CONDITIONS = DEBUG;
				SWIFT_OPTIMIZATION_LEVEL = "-Onone";
			};
			name = Debug;
		};
		00DD493D2474AF36003E86B1 /* Release */ = {
			isa = XCBuildConfiguration;
			buildSettings = {
				ALWAYS_SEARCH_USER_PATHS = NO;
				CLANG_ANALYZER_NONNULL = YES;
				CLANG_ANALYZER_NUMBER_OBJECT_CONVERSION = YES_AGGRESSIVE;
				CLANG_CXX_LANGUAGE_STANDARD = "gnu++14";
				CLANG_CXX_LIBRARY = "libc++";
				CLANG_ENABLE_MODULES = YES;
				CLANG_ENABLE_OBJC_ARC = YES;
				CLANG_ENABLE_OBJC_WEAK = YES;
				CLANG_WARN_BLOCK_CAPTURE_AUTORELEASING = YES;
				CLANG_WARN_BOOL_CONVERSION = YES;
				CLANG_WARN_COMMA = YES;
				CLANG_WARN_CONSTANT_CONVERSION = YES;
				CLANG_WARN_DEPRECATED_OBJC_IMPLEMENTATIONS = YES;
				CLANG_WARN_DIRECT_OBJC_ISA_USAGE = YES_ERROR;
				CLANG_WARN_DOCUMENTATION_COMMENTS = YES;
				CLANG_WARN_EMPTY_BODY = YES;
				CLANG_WARN_ENUM_CONVERSION = YES;
				CLANG_WARN_INFINITE_RECURSION = YES;
				CLANG_WARN_INT_CONVERSION = YES;
				CLANG_WARN_NON_LITERAL_NULL_CONVERSION = YES;
				CLANG_WARN_OBJC_IMPLICIT_RETAIN_SELF = YES;
				CLANG_WARN_OBJC_LITERAL_CONVERSION = YES;
				CLANG_WARN_OBJC_ROOT_CLASS = YES_ERROR;
				CLANG_WARN_RANGE_LOOP_ANALYSIS = YES;
				CLANG_WARN_STRICT_PROTOTYPES = YES;
				CLANG_WARN_SUSPICIOUS_MOVE = YES;
				CLANG_WARN_UNGUARDED_AVAILABILITY = YES_AGGRESSIVE;
				CLANG_WARN_UNREACHABLE_CODE = YES;
				CLANG_WARN__DUPLICATE_METHOD_MATCH = YES;
				COPY_PHASE_STRIP = NO;
				DEBUG_INFORMATION_FORMAT = "dwarf-with-dsym";
				ENABLE_NS_ASSERTIONS = NO;
				ENABLE_STRICT_OBJC_MSGSEND = YES;
				GCC_C_LANGUAGE_STANDARD = gnu11;
				GCC_NO_COMMON_BLOCKS = YES;
				GCC_WARN_64_TO_32_BIT_CONVERSION = YES;
				GCC_WARN_ABOUT_RETURN_TYPE = YES_ERROR;
				GCC_WARN_UNDECLARED_SELECTOR = YES;
				GCC_WARN_UNINITIALIZED_AUTOS = YES_AGGRESSIVE;
				GCC_WARN_UNUSED_FUNCTION = YES;
				GCC_WARN_UNUSED_VARIABLE = YES;
				IPHONEOS_DEPLOYMENT_TARGET = 13.2;
				MTL_ENABLE_DEBUG_INFO = NO;
				MTL_FAST_MATH = YES;
				SDKROOT = iphoneos;
				SWIFT_COMPILATION_MODE = wholemodule;
				SWIFT_OPTIMIZATION_LEVEL = "-O";
				VALIDATE_PRODUCT = YES;
			};
			name = Release;
		};
		00DD493F2474AF36003E86B1 /* Debug */ = {
			isa = XCBuildConfiguration;
			baseConfigurationReference = BBF2D7FCD948AB02C1A37409 /* Pods-Corntinental.debug.xcconfig */;
			buildSettings = {
				ASSETCATALOG_COMPILER_APPICON_NAME = AppIcon;
				CODE_SIGN_STYLE = Automatic;
				DEVELOPMENT_ASSET_PATHS = "\"Corntinental/Preview Content\"";
				DEVELOPMENT_TEAM = 678GLH2WJ4;
				ENABLE_PREVIEWS = YES;
				INFOPLIST_FILE = Corntinental/Info.plist;
				LD_RUNPATH_SEARCH_PATHS = (
					"$(inherited)",
					"@executable_path/Frameworks",
				);
				PRODUCT_BUNDLE_IDENTIFIER = "Daniel-Aguilera.Corntinental";
				PRODUCT_NAME = "$(TARGET_NAME)";
				SWIFT_VERSION = 5.0;
				TARGETED_DEVICE_FAMILY = "1,2";
			};
			name = Debug;
		};
		00DD49402474AF36003E86B1 /* Release */ = {
			isa = XCBuildConfiguration;
			baseConfigurationReference = 5EDDC97F2B0280BBE139002A /* Pods-Corntinental.release.xcconfig */;
			buildSettings = {
				ASSETCATALOG_COMPILER_APPICON_NAME = AppIcon;
				CODE_SIGN_STYLE = Automatic;
				DEVELOPMENT_ASSET_PATHS = "\"Corntinental/Preview Content\"";
				DEVELOPMENT_TEAM = 678GLH2WJ4;
				ENABLE_PREVIEWS = YES;
				INFOPLIST_FILE = Corntinental/Info.plist;
				LD_RUNPATH_SEARCH_PATHS = (
					"$(inherited)",
					"@executable_path/Frameworks",
				);
				PRODUCT_BUNDLE_IDENTIFIER = "Daniel-Aguilera.Corntinental";
				PRODUCT_NAME = "$(TARGET_NAME)";
				SWIFT_VERSION = 5.0;
				TARGETED_DEVICE_FAMILY = "1,2";
			};
			name = Release;
		};
/* End XCBuildConfiguration section */

/* Begin XCConfigurationList section */
		00DD49252474AF32003E86B1 /* Build configuration list for PBXProject "Corntinental" */ = {
			isa = XCConfigurationList;
			buildConfigurations = (
				00DD493C2474AF36003E86B1 /* Debug */,
				00DD493D2474AF36003E86B1 /* Release */,
			);
			defaultConfigurationIsVisible = 0;
			defaultConfigurationName = Release;
		};
		00DD493E2474AF36003E86B1 /* Build configuration list for PBXNativeTarget "Corntinental" */ = {
			isa = XCConfigurationList;
			buildConfigurations = (
				00DD493F2474AF36003E86B1 /* Debug */,
				00DD49402474AF36003E86B1 /* Release */,
			);
			defaultConfigurationIsVisible = 0;
			defaultConfigurationName = Release;
		};
/* End XCConfigurationList section */
	};
	rootObject = 00DD49222474AF32003E86B1 /* Project object */;
}
